
Microsoft Visual Studio Solution File, Format Version 12.00
# Visual Studio Version 17
VisualStudioVersion = 17.7.34031.279
MinimumVisualStudioVersion = 10.0.40219.1
Project("{FAE04EC0-301F-11D3-BF4B-00C04F79EFBC}") = "Banking.API", "Banking.API\Banking.API.csproj", "{A68BADF7-2077-4711-A19D-060D99B0487A}"
EndProject
Project("{FAE04EC0-301F-11D3-BF4B-00C04F79EFBC}") = "Banking.PostgreSQL", "Banking.PostgreSQL\Banking.PostgreSQL.csproj", "{E0C228F2-2B8B-4002-9A2E-68DB4B8C6753}"
EndProject
Global
	GlobalSection(SolutionConfigurationPlatforms) = preSolution
		Debug|Any CPU = Debug|Any CPU
		Release|Any CPU = Release|Any CPU
	EndGlobalSection
	GlobalSection(ProjectConfigurationPlatforms) = postSolution
		{A68BADF7-2077-4711-A19D-060D99B0487A}.Debug|Any CPU.ActiveCfg = Debug|Any CPU
		{A68BADF7-2077-4711-A19D-060D99B0487A}.Debug|Any CPU.Build.0 = Debug|Any CPU
		{A68BADF7-2077-4711-A19D-060D99B0487A}.Release|Any CPU.ActiveCfg = Release|Any CPU
		{A68BADF7-2077-4711-A19D-060D99B0487A}.Release|Any CPU.Build.0 = Release|Any CPU
		{E0C228F2-2B8B-4002-9A2E-68DB4B8C6753}.Debug|Any CPU.ActiveCfg = Debug|Any CPU
		{E0C228F2-2B8B-4002-9A2E-68DB4B8C6753}.Debug|Any CPU.Build.0 = Debug|Any CPU
		{E0C228F2-2B8B-4002-9A2E-68DB4B8C6753}.Release|Any CPU.ActiveCfg = Release|Any CPU
		{E0C228F2-2B8B-4002-9A2E-68DB4B8C6753}.Release|Any CPU.Build.0 = Release|Any CPU
	EndGlobalSection
	GlobalSection(SolutionProperties) = preSolution
		HideSolutionNode = FALSE
	EndGlobalSection
	GlobalSection(ExtensibilityGlobals) = postSolution
		SolutionGuid = {CCABABFC-376B-4F6A-9BEE-784E67B2F15A}
	EndGlobalSection
EndGlobal
